
Microsoft Visual Studio Solution File, Format Version 12.00
# Visual Studio Version 16
VisualStudioVersion = 16.0.30320.27
MinimumVisualStudioVersion = 10.0.40219.1
Project("{FAE04EC0-301F-11D3-BF4B-00C04F79EFBC}") = "AutoGeneratorSQL", "AutoGeneratorSQL\AutoGeneratorSQL.csproj", "{4915BE5D-9F02-4F01-9A11-1612F991539E}"
EndProject
Global
	GlobalSection(SolutionConfigurationPlatforms) = preSolution
		Debug|Any CPU = Debug|Any CPU
		Release|Any CPU = Release|Any CPU
	EndGlobalSection
	GlobalSection(ProjectConfigurationPlatforms) = postSolution
		{4915BE5D-9F02-4F01-9A11-1612F991539E}.Debug|Any CPU.ActiveCfg = Debug|Any CPU
		{4915BE5D-9F02-4F01-9A11-1612F991539E}.Debug|Any CPU.Build.0 = Debug|Any CPU
		{4915BE5D-9F02-4F01-9A11-1612F991539E}.Release|Any CPU.ActiveCfg = Release|Any CPU
		{4915BE5D-9F02-4F01-9A11-1612F991539E}.Release|Any CPU.Build.0 = Release|Any CPU
	EndGlobalSection
	GlobalSection(SolutionProperties) = preSolution
		HideSolutionNode = FALSE
	EndGlobalSection
	GlobalSection(ExtensibilityGlobals) = postSolution
		SolutionGuid = {8A479032-78BE-4DCF-8E97-69084F0CD29A}
	EndGlobalSection
EndGlobal
